
Microsoft Visual Studio Solution File, Format Version 11.00
# Visual Studio 2010
Project("{FAE04EC0-301F-11D3-BF4B-00C04F79EFBC}") = "Read7", "..\Read7\Read7.csproj", "{0ACC0F67-D511-4F51-B1D9-A4B5A00769D6}"
EndProject
Project("{FAE04EC0-301F-11D3-BF4B-00C04F79EFBC}") = "ReadmillClient7", "ReadmillClientWP71\ReadmillClient7.csproj", "{14BA4D6B-B25D-4B9C-B4EF-884FABABC446}"
EndProject
Project("{FAE04EC0-301F-11D3-BF4B-00C04F79EFBC}") = "ReadmillClient", "ReadmillClient\ReadmillClient.csproj", "{4D03D9E9-E6E2-4372-9D36-060C943C1E8C}"
EndProject
Project("{FAE04EC0-301F-11D3-BF4B-00C04F79EFBC}") = "ReadmillClientTester", "ReadmillClientTester\ReadmillClientTester.csproj", "{8F64AF8C-117F-4647-830A-4D1C0C3A3CC4}"
EndProject
Global
	GlobalSection(TestCaseManagementSettings) = postSolution
		CategoryFile = ReadmillWrapper.vsmdi
	EndGlobalSection
	GlobalSection(SolutionConfigurationPlatforms) = preSolution
		Debug|Any CPU = Debug|Any CPU
		Debug|Mixed Platforms = Debug|Mixed Platforms
		Debug|x86 = Debug|x86
		Release|Any CPU = Release|Any CPU
		Release|Mixed Platforms = Release|Mixed Platforms
		Release|x86 = Release|x86
	EndGlobalSection
	GlobalSection(ProjectConfigurationPlatforms) = postSolution
		{0ACC0F67-D511-4F51-B1D9-A4B5A00769D6}.Debug|Any CPU.ActiveCfg = Debug|Any CPU
		{0ACC0F67-D511-4F51-B1D9-A4B5A00769D6}.Debug|Any CPU.Build.0 = Debug|Any CPU
		{0ACC0F67-D511-4F51-B1D9-A4B5A00769D6}.Debug|Any CPU.Deploy.0 = Debug|Any CPU
		{0ACC0F67-D511-4F51-B1D9-A4B5A00769D6}.Debug|Mixed Platforms.ActiveCfg = Debug|Any CPU
		{0ACC0F67-D511-4F51-B1D9-A4B5A00769D6}.Debug|Mixed Platforms.Build.0 = Debug|Any CPU
		{0ACC0F67-D511-4F51-B1D9-A4B5A00769D6}.Debug|Mixed Platforms.Deploy.0 = Debug|Any CPU
		{0ACC0F67-D511-4F51-B1D9-A4B5A00769D6}.Debug|x86.ActiveCfg = Debug|Any CPU
		{0ACC0F67-D511-4F51-B1D9-A4B5A00769D6}.Release|Any CPU.ActiveCfg = Release|Any CPU
		{0ACC0F67-D511-4F51-B1D9-A4B5A00769D6}.Release|Any CPU.Build.0 = Release|Any CPU
		{0ACC0F67-D511-4F51-B1D9-A4B5A00769D6}.Release|Any CPU.Deploy.0 = Release|Any CPU
		{0ACC0F67-D511-4F51-B1D9-A4B5A00769D6}.Release|Mixed Platforms.ActiveCfg = Release|Any CPU
		{0ACC0F67-D511-4F51-B1D9-A4B5A00769D6}.Release|Mixed Platforms.Build.0 = Release|Any CPU
		{0ACC0F67-D511-4F51-B1D9-A4B5A00769D6}.Release|Mixed Platforms.Deploy.0 = Release|Any CPU
		{0ACC0F67-D511-4F51-B1D9-A4B5A00769D6}.Release|x86.ActiveCfg = Release|Any CPU
		{14BA4D6B-B25D-4B9C-B4EF-884FABABC446}.Debug|Any CPU.ActiveCfg = Debug|Any CPU
		{14BA4D6B-B25D-4B9C-B4EF-884FABABC446}.Debug|Any CPU.Build.0 = Debug|Any CPU
		{14BA4D6B-B25D-4B9C-B4EF-884FABABC446}.Debug|Mixed Platforms.ActiveCfg = Debug|Any CPU
		{14BA4D6B-B25D-4B9C-B4EF-884FABABC446}.Debug|Mixed Platforms.Build.0 = Debug|Any CPU
		{14BA4D6B-B25D-4B9C-B4EF-884FABABC446}.Debug|x86.ActiveCfg = Debug|Any CPU
		{14BA4D6B-B25D-4B9C-B4EF-884FABABC446}.Release|Any CPU.ActiveCfg = Release|Any CPU
		{14BA4D6B-B25D-4B9C-B4EF-884FABABC446}.Release|Any CPU.Build.0 = Release|Any CPU
		{14BA4D6B-B25D-4B9C-B4EF-884FABABC446}.Release|Mixed Platforms.ActiveCfg = Release|Any CPU
		{14BA4D6B-B25D-4B9C-B4EF-884FABABC446}.Release|Mixed Platforms.Build.0 = Release|Any CPU
		{14BA4D6B-B25D-4B9C-B4EF-884FABABC446}.Release|x86.ActiveCfg = Release|Any CPU
		{4D03D9E9-E6E2-4372-9D36-060C943C1E8C}.Debug|Any CPU.ActiveCfg = Debug|x86
		{4D03D9E9-E6E2-4372-9D36-060C943C1E8C}.Debug|Mixed Platforms.ActiveCfg = Debug|x86
		{4D03D9E9-E6E2-4372-9D36-060C943C1E8C}.Debug|Mixed Platforms.Build.0 = Debug|x86
		{4D03D9E9-E6E2-4372-9D36-060C943C1E8C}.Debug|x86.ActiveCfg = Debug|x86
		{4D03D9E9-E6E2-4372-9D36-060C943C1E8C}.Debug|x86.Build.0 = Debug|x86
		{4D03D9E9-E6E2-4372-9D36-060C943C1E8C}.Release|Any CPU.ActiveCfg = Release|x86
		{4D03D9E9-E6E2-4372-9D36-060C943C1E8C}.Release|Mixed Platforms.ActiveCfg = Release|x86
		{4D03D9E9-E6E2-4372-9D36-060C943C1E8C}.Release|Mixed Platforms.Build.0 = Release|x86
		{4D03D9E9-E6E2-4372-9D36-060C943C1E8C}.Release|x86.ActiveCfg = Release|x86
		{4D03D9E9-E6E2-4372-9D36-060C943C1E8C}.Release|x86.Build.0 = Release|x86
		{8F64AF8C-117F-4647-830A-4D1C0C3A3CC4}.Debug|Any CPU.ActiveCfg = Debug|Any CPU
		{8F64AF8C-117F-4647-830A-4D1C0C3A3CC4}.Debug|Any CPU.Build.0 = Debug|Any CPU
		{8F64AF8C-117F-4647-830A-4D1C0C3A3CC4}.Debug|Mixed Platforms.ActiveCfg = Debug|Any CPU
		{8F64AF8C-117F-4647-830A-4D1C0C3A3CC4}.Debug|Mixed Platforms.Build.0 = Debug|Any CPU
		{8F64AF8C-117F-4647-830A-4D1C0C3A3CC4}.Debug|x86.ActiveCfg = Debug|Any CPU
		{8F64AF8C-117F-4647-830A-4D1C0C3A3CC4}.Release|Any CPU.ActiveCfg = Release|Any CPU
		{8F64AF8C-117F-4647-830A-4D1C0C3A3CC4}.Release|Any CPU.Build.0 = Release|Any CPU
		{8F64AF8C-117F-4647-830A-4D1C0C3A3CC4}.Release|Mixed Platforms.ActiveCfg = Release|Any CPU
		{8F64AF8C-117F-4647-830A-4D1C0C3A3CC4}.Release|Mixed Platforms.Build.0 = Release|Any CPU
		{8F64AF8C-117F-4647-830A-4D1C0C3A3CC4}.Release|x86.ActiveCfg = Release|Any CPU
	EndGlobalSection
	GlobalSection(SolutionProperties) = preSolution
		HideSolutionNode = FALSE
	EndGlobalSection
EndGlobal
